
Microsoft Visual Studio Solution File, Format Version 12.00
# Visual Studio Version 17
VisualStudioVersion = 17.4.33205.214
MinimumVisualStudioVersion = 10.0.40219.1
Project("{FAE04EC0-301F-11D3-BF4B-00C04F79EFBC}") = "cs_lab7_part3", "cs_lab7_part3.csproj", "{C69A4360-C55C-4215-8432-C1C438346E69}"
EndProject
Global
	GlobalSection(SolutionConfigurationPlatforms) = preSolution
		Debug|Any CPU = Debug|Any CPU
		Release|Any CPU = Release|Any CPU
	EndGlobalSection
	GlobalSection(ProjectConfigurationPlatforms) = postSolution
		{C69A4360-C55C-4215-8432-C1C438346E69}.Debug|Any CPU.ActiveCfg = Debug|Any CPU
		{C69A4360-C55C-4215-8432-C1C438346E69}.Debug|Any CPU.Build.0 = Debug|Any CPU
		{C69A4360-C55C-4215-8432-C1C438346E69}.Release|Any CPU.ActiveCfg = Release|Any CPU
		{C69A4360-C55C-4215-8432-C1C438346E69}.Release|Any CPU.Build.0 = Release|Any CPU
	EndGlobalSection
	GlobalSection(SolutionProperties) = preSolution
		HideSolutionNode = FALSE
	EndGlobalSection
	GlobalSection(ExtensibilityGlobals) = postSolution
		SolutionGuid = {A257A9B8-1DAD-47D1-A327-44C5C285C220}
	EndGlobalSection
EndGlobal
